
Microsoft Visual Studio Solution File, Format Version 12.00
# Visual Studio 14
VisualStudioVersion = 14.0.25420.1
MinimumVisualStudioVersion = 10.0.40219.1
Project("{FAE04EC0-301F-11D3-BF4B-00C04F79EFBC}") = "TestApp", "TestApp\TestApp\TestApp.csproj", "{2BFF3D40-A576-4ADA-A126-8E9AA1D81BAE}"
EndProject
Project("{FAE04EC0-301F-11D3-BF4B-00C04F79EFBC}") = "TestApp.Droid", "TestApp\TestApp.Droid\TestApp.Droid.csproj", "{D9360EAF-3428-41A5-A125-6CD769596068}"
EndProject
Project("{FAE04EC0-301F-11D3-BF4B-00C04F79EFBC}") = "TestApp.iOS", "TestApp\TestApp.iOS\TestApp.iOS.csproj", "{C03FEF6C-1240-4EE5-A350-5904E26FB6B8}"
EndProject
Project("{FAE04EC0-301F-11D3-BF4B-00C04F79EFBC}") = "TestApp.UWP", "TestApp\TestApp.UWP\TestApp.UWP.csproj", "{48CB6F77-C94E-498D-9ACD-3FA788211DDD}"
EndProject
Global
	GlobalSection(SolutionConfigurationPlatforms) = preSolution
		Ad-Hoc|Any CPU = Ad-Hoc|Any CPU
		Ad-Hoc|ARM = Ad-Hoc|ARM
		Ad-Hoc|iPhone = Ad-Hoc|iPhone
		Ad-Hoc|iPhoneSimulator = Ad-Hoc|iPhoneSimulator
		Ad-Hoc|x64 = Ad-Hoc|x64
		Ad-Hoc|x86 = Ad-Hoc|x86
		AppStore|Any CPU = AppStore|Any CPU
		AppStore|ARM = AppStore|ARM
		AppStore|iPhone = AppStore|iPhone
		AppStore|iPhoneSimulator = AppStore|iPhoneSimulator
		AppStore|x64 = AppStore|x64
		AppStore|x86 = AppStore|x86
		Debug|Any CPU = Debug|Any CPU
		Debug|ARM = Debug|ARM
		Debug|iPhone = Debug|iPhone
		Debug|iPhoneSimulator = Debug|iPhoneSimulator
		Debug|x64 = Debug|x64
		Debug|x86 = Debug|x86
		Release|Any CPU = Release|Any CPU
		Release|ARM = Release|ARM
		Release|iPhone = Release|iPhone
		Release|iPhoneSimulator = Release|iPhoneSimulator
		Release|x64 = Release|x64
		Release|x86 = Release|x86
	EndGlobalSection
	GlobalSection(ProjectConfigurationPlatforms) = postSolution
		{2BFF3D40-A576-4ADA-A126-8E9AA1D81BAE}.Ad-Hoc|Any CPU.ActiveCfg = Release|Any CPU
		{2BFF3D40-A576-4ADA-A126-8E9AA1D81BAE}.Ad-Hoc|Any CPU.Build.0 = Release|Any CPU
		{2BFF3D40-A576-4ADA-A126-8E9AA1D81BAE}.Ad-Hoc|ARM.ActiveCfg = Release|Any CPU
		{2BFF3D40-A576-4ADA-A126-8E9AA1D81BAE}.Ad-Hoc|ARM.Build.0 = Release|Any CPU
		{2BFF3D40-A576-4ADA-A126-8E9AA1D81BAE}.Ad-Hoc|iPhone.ActiveCfg = Release|Any CPU
		{2BFF3D40-A576-4ADA-A126-8E9AA1D81BAE}.Ad-Hoc|iPhone.Build.0 = Release|Any CPU
		{2BFF3D40-A576-4ADA-A126-8E9AA1D81BAE}.Ad-Hoc|iPhoneSimulator.ActiveCfg = Release|Any CPU
		{2BFF3D40-A576-4ADA-A126-8E9AA1D81BAE}.Ad-Hoc|iPhoneSimulator.Build.0 = Release|Any CPU
		{2BFF3D40-A576-4ADA-A126-8E9AA1D81BAE}.Ad-Hoc|x64.ActiveCfg = Release|Any CPU
		{2BFF3D40-A576-4ADA-A126-8E9AA1D81BAE}.Ad-Hoc|x64.Build.0 = Release|Any CPU
		{2BFF3D40-A576-4ADA-A126-8E9AA1D81BAE}.Ad-Hoc|x86.ActiveCfg = Release|Any CPU
		{2BFF3D40-A576-4ADA-A126-8E9AA1D81BAE}.Ad-Hoc|x86.Build.0 = Release|Any CPU
		{2BFF3D40-A576-4ADA-A126-8E9AA1D81BAE}.AppStore|Any CPU.ActiveCfg = Release|Any CPU
		{2BFF3D40-A576-4ADA-A126-8E9AA1D81BAE}.AppStore|Any CPU.Build.0 = Release|Any CPU
		{2BFF3D40-A576-4ADA-A126-8E9AA1D81BAE}.AppStore|ARM.ActiveCfg = Release|Any CPU
		{2BFF3D40-A576-4ADA-A126-8E9AA1D81BAE}.AppStore|ARM.Build.0 = Release|Any CPU
		{2BFF3D40-A576-4ADA-A126-8E9AA1D81BAE}.AppStore|iPhone.ActiveCfg = Release|Any CPU
		{2BFF3D40-A576-4ADA-A126-8E9AA1D81BAE}.AppStore|iPhone.Build.0 = Release|Any CPU
		{2BFF3D40-A576-4ADA-A126-8E9AA1D81BAE}.AppStore|iPhoneSimulator.ActiveCfg = Release|Any CPU
		{2BFF3D40-A576-4ADA-A126-8E9AA1D81BAE}.AppStore|iPhoneSimulator.Build.0 = Release|Any CPU
		{2BFF3D40-A576-4ADA-A126-8E9AA1D81BAE}.AppStore|x64.ActiveCfg = Release|Any CPU
		{2BFF3D40-A576-4ADA-A126-8E9AA1D81BAE}.AppStore|x64.Build.0 = Release|Any CPU
		{2BFF3D40-A576-4ADA-A126-8E9AA1D81BAE}.AppStore|x86.ActiveCfg = Release|Any CPU
		{2BFF3D40-A576-4ADA-A126-8E9AA1D81BAE}.AppStore|x86.Build.0 = Release|Any CPU
		{2BFF3D40-A576-4ADA-A126-8E9AA1D81BAE}.Debug|Any CPU.ActiveCfg = Debug|Any CPU
		{2BFF3D40-A576-4ADA-A126-8E9AA1D81BAE}.Debug|Any CPU.Build.0 = Debug|Any CPU
		{2BFF3D40-A576-4ADA-A126-8E9AA1D81BAE}.Debug|ARM.ActiveCfg = Debug|Any CPU
		{2BFF3D40-A576-4ADA-A126-8E9AA1D81BAE}.Debug|ARM.Build.0 = Debug|Any CPU
		{2BFF3D40-A576-4ADA-A126-8E9AA1D81BAE}.Debug|iPhone.ActiveCfg = Debug|Any CPU
		{2BFF3D40-A576-4ADA-A126-8E9AA1D81BAE}.Debug|iPhone.Build.0 = Debug|Any CPU
		{2BFF3D40-A576-4ADA-A126-8E9AA1D81BAE}.Debug|iPhoneSimulator.ActiveCfg = Debug|Any CPU
		{2BFF3D40-A576-4ADA-A126-8E9AA1D81BAE}.Debug|iPhoneSimulator.Build.0 = Debug|Any CPU
		{2BFF3D40-A576-4ADA-A126-8E9AA1D81BAE}.Debug|x64.ActiveCfg = Debug|Any CPU
		{2BFF3D40-A576-4ADA-A126-8E9AA1D81BAE}.Debug|x64.Build.0 = Debug|Any CPU
		{2BFF3D40-A576-4ADA-A126-8E9AA1D81BAE}.Debug|x86.ActiveCfg = Debug|Any CPU
		{2BFF3D40-A576-4ADA-A126-8E9AA1D81BAE}.Debug|x86.Build.0 = Debug|Any CPU
		{2BFF3D40-A576-4ADA-A126-8E9AA1D81BAE}.Release|Any CPU.ActiveCfg = Release|Any CPU
		{2BFF3D40-A576-4ADA-A126-8E9AA1D81BAE}.Release|Any CPU.Build.0 = Release|Any CPU
		{2BFF3D40-A576-4ADA-A126-8E9AA1D81BAE}.Release|ARM.ActiveCfg = Release|Any CPU
		{2BFF3D40-A576-4ADA-A126-8E9AA1D81BAE}.Release|ARM.Build.0 = Release|Any CPU
		{2BFF3D40-A576-4ADA-A126-8E9AA1D81BAE}.Release|iPhone.ActiveCfg = Release|Any CPU
		{2BFF3D40-A576-4ADA-A126-8E9AA1D81BAE}.Release|iPhone.Build.0 = Release|Any CPU
		{2BFF3D40-A576-4ADA-A126-8E9AA1D81BAE}.Release|iPhoneSimulator.ActiveCfg = Release|Any CPU
		{2BFF3D40-A576-4ADA-A126-8E9AA1D81BAE}.Release|iPhoneSimulator.Build.0 = Release|Any CPU
		{2BFF3D40-A576-4ADA-A126-8E9AA1D81BAE}.Release|x64.ActiveCfg = Release|Any CPU
		{2BFF3D40-A576-4ADA-A126-8E9AA1D81BAE}.Release|x64.Build.0 = Release|Any CPU
		{2BFF3D40-A576-4ADA-A126-8E9AA1D81BAE}.Release|x86.ActiveCfg = Release|Any CPU
		{2BFF3D40-A576-4ADA-A126-8E9AA1D81BAE}.Release|x86.Build.0 = Release|Any CPU
		{D9360EAF-3428-41A5-A125-6CD769596068}.Ad-Hoc|Any CPU.ActiveCfg = Release|Any CPU
		{D9360EAF-3428-41A5-A125-6CD769596068}.Ad-Hoc|Any CPU.Build.0 = Release|Any CPU
		{D9360EAF-3428-41A5-A125-6CD769596068}.Ad-Hoc|Any CPU.Deploy.0 = Release|Any CPU
		{D9360EAF-3428-41A5-A125-6CD769596068}.Ad-Hoc|ARM.ActiveCfg = Release|Any CPU
		{D9360EAF-3428-41A5-A125-6CD769596068}.Ad-Hoc|ARM.Build.0 = Release|Any CPU
		{D9360EAF-3428-41A5-A125-6CD769596068}.Ad-Hoc|ARM.Deploy.0 = Release|Any CPU
		{D9360EAF-3428-41A5-A125-6CD769596068}.Ad-Hoc|iPhone.ActiveCfg = Release|Any CPU
		{D9360EAF-3428-41A5-A125-6CD769596068}.Ad-Hoc|iPhone.Build.0 = Release|Any CPU
		{D9360EAF-3428-41A5-A125-6CD769596068}.Ad-Hoc|iPhone.Deploy.0 = Release|Any CPU
		{D9360EAF-3428-41A5-A125-6CD769596068}.Ad-Hoc|iPhoneSimulator.ActiveCfg = Release|Any CPU
		{D9360EAF-3428-41A5-A125-6CD769596068}.Ad-Hoc|iPhoneSimulator.Build.0 = Release|Any CPU
		{D9360EAF-3428-41A5-A125-6CD769596068}.Ad-Hoc|iPhoneSimulator.Deploy.0 = Release|Any CPU
		{D9360EAF-3428-41A5-A125-6CD769596068}.Ad-Hoc|x64.ActiveCfg = Release|Any CPU
		{D9360EAF-3428-41A5-A125-6CD769596068}.Ad-Hoc|x64.Build.0 = Release|Any CPU
		{D9360EAF-3428-41A5-A125-6CD769596068}.Ad-Hoc|x64.Deploy.0 = Release|Any CPU
		{D9360EAF-3428-41A5-A125-6CD769596068}.Ad-Hoc|x86.ActiveCfg = Release|Any CPU
		{D9360EAF-3428-41A5-A125-6CD769596068}.Ad-Hoc|x86.Build.0 = Release|Any CPU
		{D9360EAF-3428-41A5-A125-6CD769596068}.Ad-Hoc|x86.Deploy.0 = Release|Any CPU
		{D9360EAF-3428-41A5-A125-6CD769596068}.AppStore|Any CPU.ActiveCfg = Release|Any CPU
		{D9360EAF-3428-41A5-A125-6CD769596068}.AppStore|Any CPU.Build.0 = Release|Any CPU
		{D9360EAF-3428-41A5-A125-6CD769596068}.AppStore|Any CPU.Deploy.0 = Release|Any CPU
		{D9360EAF-3428-41A5-A125-6CD769596068}.AppStore|ARM.ActiveCfg = Release|Any CPU
		{D9360EAF-3428-41A5-A125-6CD769596068}.AppStore|ARM.Build.0 = Release|Any CPU
		{D9360EAF-3428-41A5-A125-6CD769596068}.AppStore|ARM.Deploy.0 = Release|Any CPU
		{D9360EAF-3428-41A5-A125-6CD769596068}.AppStore|iPhone.ActiveCfg = Release|Any CPU
		{D9360EAF-3428-41A5-A125-6CD769596068}.AppStore|iPhone.Build.0 = Release|Any CPU
		{D9360EAF-3428-41A5-A125-6CD769596068}.AppStore|iPhone.Deploy.0 = Release|Any CPU
		{D9360EAF-3428-41A5-A125-6CD769596068}.AppStore|iPhoneSimulator.ActiveCfg = Release|Any CPU
		{D9360EAF-3428-41A5-A125-6CD769596068}.AppStore|iPhoneSimulator.Build.0 = Release|Any CPU
		{D9360EAF-3428-41A5-A125-6CD769596068}.AppStore|iPhoneSimulator.Deploy.0 = Release|Any CPU
		{D9360EAF-3428-41A5-A125-6CD769596068}.AppStore|x64.ActiveCfg = Release|Any CPU
		{D9360EAF-3428-41A5-A125-6CD769596068}.AppStore|x64.Build.0 = Release|Any CPU
		{D9360EAF-3428-41A5-A125-6CD769596068}.AppStore|x64.Deploy.0 = Release|Any CPU
		{D9360EAF-3428-41A5-A125-6CD769596068}.AppStore|x86.ActiveCfg = Release|Any CPU
		{D9360EAF-3428-41A5-A125-6CD769596068}.AppStore|x86.Build.0 = Release|Any CPU
		{D9360EAF-3428-41A5-A125-6CD769596068}.AppStore|x86.Deploy.0 = Release|Any CPU
		{D9360EAF-3428-41A5-A125-6CD769596068}.Debug|Any CPU.ActiveCfg = Debug|Any CPU
		{D9360EAF-3428-41A5-A125-6CD769596068}.Debug|Any CPU.Build.0 = Debug|Any CPU
		{D9360EAF-3428-41A5-A125-6CD769596068}.Debug|Any CPU.Deploy.0 = Debug|Any CPU
		{D9360EAF-3428-41A5-A125-6CD769596068}.Debug|ARM.ActiveCfg = Debug|Any CPU
		{D9360EAF-3428-41A5-A125-6CD769596068}.Debug|ARM.Build.0 = Debug|Any CPU
		{D9360EAF-3428-41A5-A125-6CD769596068}.Debug|ARM.Deploy.0 = Debug|Any CPU
		{D9360EAF-3428-41A5-A125-6CD769596068}.Debug|iPhone.ActiveCfg = Debug|Any CPU
		{D9360EAF-3428-41A5-A125-6CD769596068}.Debug|iPhone.Build.0 = Debug|Any CPU
		{D9360EAF-3428-41A5-A125-6CD769596068}.Debug|iPhone.Deploy.0 = Debug|Any CPU
		{D9360EAF-3428-41A5-A125-6CD769596068}.Debug|iPhoneSimulator.ActiveCfg = Debug|Any CPU
		{D9360EAF-3428-41A5-A125-6CD769596068}.Debug|iPhoneSimulator.Build.0 = Debug|Any CPU
		{D9360EAF-3428-41A5-A125-6CD769596068}.Debug|iPhoneSimulator.Deploy.0 = Debug|Any CPU
		{D9360EAF-3428-41A5-A125-6CD769596068}.Debug|x64.ActiveCfg = Debug|Any CPU
		{D9360EAF-3428-41A5-A125-6CD769596068}.Debug|x64.Build.0 = Debug|Any CPU
		{D9360EAF-3428-41A5-A125-6CD769596068}.Debug|x64.Deploy.0 = Debug|Any CPU
		{D9360EAF-3428-41A5-A125-6CD769596068}.Debug|x86.ActiveCfg = Debug|Any CPU
		{D9360EAF-3428-41A5-A125-6CD769596068}.Debug|x86.Build.0 = Debug|Any CPU
		{D9360EAF-3428-41A5-A125-6CD769596068}.Debug|x86.Deploy.0 = Debug|Any CPU
		{D9360EAF-3428-41A5-A125-6CD769596068}.Release|Any CPU.ActiveCfg = Release|Any CPU
		{D9360EAF-3428-41A5-A125-6CD769596068}.Release|Any CPU.Build.0 = Release|Any CPU
		{D9360EAF-3428-41A5-A125-6CD769596068}.Release|Any CPU.Deploy.0 = Release|Any CPU
		{D9360EAF-3428-41A5-A125-6CD769596068}.Release|ARM.ActiveCfg = Release|Any CPU
		{D9360EAF-3428-41A5-A125-6CD769596068}.Release|ARM.Build.0 = Release|Any CPU
		{D9360EAF-3428-41A5-A125-6CD769596068}.Release|ARM.Deploy.0 = Release|Any CPU
		{D9360EAF-3428-41A5-A125-6CD769596068}.Release|iPhone.ActiveCfg = Release|Any CPU
		{D9360EAF-3428-41A5-A125-6CD769596068}.Release|iPhone.Build.0 = Release|Any CPU
		{D9360EAF-3428-41A5-A125-6CD769596068}.Release|iPhone.Deploy.0 = Release|Any CPU
		{D9360EAF-3428-41A5-A125-6CD769596068}.Release|iPhoneSimulator.ActiveCfg = Release|Any CPU
		{D9360EAF-3428-41A5-A125-6CD769596068}.Release|iPhoneSimulator.Build.0 = Release|Any CPU
		{D9360EAF-3428-41A5-A125-6CD769596068}.Release|iPhoneSimulator.Deploy.0 = Release|Any CPU
		{D9360EAF-3428-41A5-A125-6CD769596068}.Release|x64.ActiveCfg = Release|Any CPU
		{D9360EAF-3428-41A5-A125-6CD769596068}.Release|x64.Build.0 = Release|Any CPU
		{D9360EAF-3428-41A5-A125-6CD769596068}.Release|x64.Deploy.0 = Release|Any CPU
		{D9360EAF-3428-41A5-A125-6CD769596068}.Release|x86.ActiveCfg = Release|Any CPU
		{D9360EAF-3428-41A5-A125-6CD769596068}.Release|x86.Build.0 = Release|Any CPU
		{D9360EAF-3428-41A5-A125-6CD769596068}.Release|x86.Deploy.0 = Release|Any CPU
		{C03FEF6C-1240-4EE5-A350-5904E26FB6B8}.Ad-Hoc|Any CPU.ActiveCfg = Ad-Hoc|iPhone
		{C03FEF6C-1240-4EE5-A350-5904E26FB6B8}.Ad-Hoc|ARM.ActiveCfg = Ad-Hoc|iPhone
		{C03FEF6C-1240-4EE5-A350-5904E26FB6B8}.Ad-Hoc|iPhone.ActiveCfg = Ad-Hoc|iPhone
		{C03FEF6C-1240-4EE5-A350-5904E26FB6B8}.Ad-Hoc|iPhone.Build.0 = Ad-Hoc|iPhone
		{C03FEF6C-1240-4EE5-A350-5904E26FB6B8}.Ad-Hoc|iPhoneSimulator.ActiveCfg = Ad-Hoc|iPhoneSimulator
		{C03FEF6C-1240-4EE5-A350-5904E26FB6B8}.Ad-Hoc|iPhoneSimulator.Build.0 = Ad-Hoc|iPhoneSimulator
		{C03FEF6C-1240-4EE5-A350-5904E26FB6B8}.Ad-Hoc|x64.ActiveCfg = Ad-Hoc|iPhone
		{C03FEF6C-1240-4EE5-A350-5904E26FB6B8}.Ad-Hoc|x86.ActiveCfg = Ad-Hoc|iPhone
		{C03FEF6C-1240-4EE5-A350-5904E26FB6B8}.AppStore|Any CPU.ActiveCfg = AppStore|iPhone
		{C03FEF6C-1240-4EE5-A350-5904E26FB6B8}.AppStore|ARM.ActiveCfg = AppStore|iPhone
		{C03FEF6C-1240-4EE5-A350-5904E26FB6B8}.AppStore|iPhone.ActiveCfg = AppStore|iPhone
		{C03FEF6C-1240-4EE5-A350-5904E26FB6B8}.AppStore|iPhone.Build.0 = AppStore|iPhone
		{C03FEF6C-1240-4EE5-A350-5904E26FB6B8}.AppStore|iPhoneSimulator.ActiveCfg = AppStore|iPhoneSimulator
		{C03FEF6C-1240-4EE5-A350-5904E26FB6B8}.AppStore|iPhoneSimulator.Build.0 = AppStore|iPhoneSimulator
		{C03FEF6C-1240-4EE5-A350-5904E26FB6B8}.AppStore|x64.ActiveCfg = AppStore|iPhone
		{C03FEF6C-1240-4EE5-A350-5904E26FB6B8}.AppStore|x86.ActiveCfg = AppStore|iPhone
		{C03FEF6C-1240-4EE5-A350-5904E26FB6B8}.Debug|Any CPU.ActiveCfg = Debug|iPhone
		{C03FEF6C-1240-4EE5-A350-5904E26FB6B8}.Debug|ARM.ActiveCfg = Debug|iPhone
		{C03FEF6C-1240-4EE5-A350-5904E26FB6B8}.Debug|iPhone.ActiveCfg = Debug|iPhone
		{C03FEF6C-1240-4EE5-A350-5904E26FB6B8}.Debug|iPhone.Build.0 = Debug|iPhone
		{C03FEF6C-1240-4EE5-A350-5904E26FB6B8}.Debug|iPhoneSimulator.ActiveCfg = Debug|iPhoneSimulator
		{C03FEF6C-1240-4EE5-A350-5904E26FB6B8}.Debug|iPhoneSimulator.Build.0 = Debug|iPhoneSimulator
		{C03FEF6C-1240-4EE5-A350-5904E26FB6B8}.Debug|x64.ActiveCfg = Debug|iPhone
		{C03FEF6C-1240-4EE5-A350-5904E26FB6B8}.Debug|x86.ActiveCfg = Debug|iPhone
		{C03FEF6C-1240-4EE5-A350-5904E26FB6B8}.Release|Any CPU.ActiveCfg = Release|iPhone
		{C03FEF6C-1240-4EE5-A350-5904E26FB6B8}.Release|ARM.ActiveCfg = Release|iPhone
		{C03FEF6C-1240-4EE5-A350-5904E26FB6B8}.Release|iPhone.ActiveCfg = Release|iPhone
		{C03FEF6C-1240-4EE5-A350-5904E26FB6B8}.Release|iPhone.Build.0 = Release|iPhone
		{C03FEF6C-1240-4EE5-A350-5904E26FB6B8}.Release|iPhoneSimulator.ActiveCfg = Release|iPhoneSimulator
		{C03FEF6C-1240-4EE5-A350-5904E26FB6B8}.Release|iPhoneSimulator.Build.0 = Release|iPhoneSimulator
		{C03FEF6C-1240-4EE5-A350-5904E26FB6B8}.Release|x64.ActiveCfg = Release|iPhone
		{C03FEF6C-1240-4EE5-A350-5904E26FB6B8}.Release|x86.ActiveCfg = Release|iPhone
		{48CB6F77-C94E-498D-9ACD-3FA788211DDD}.Ad-Hoc|Any CPU.ActiveCfg = Release|x86
		{48CB6F77-C94E-498D-9ACD-3FA788211DDD}.Ad-Hoc|Any CPU.Build.0 = Release|x86
		{48CB6F77-C94E-498D-9ACD-3FA788211DDD}.Ad-Hoc|Any CPU.Deploy.0 = Release|x86
		{48CB6F77-C94E-498D-9ACD-3FA788211DDD}.Ad-Hoc|ARM.ActiveCfg = Release|ARM
		{48CB6F77-C94E-498D-9ACD-3FA788211DDD}.Ad-Hoc|ARM.Build.0 = Release|ARM
		{48CB6F77-C94E-498D-9ACD-3FA788211DDD}.Ad-Hoc|ARM.Deploy.0 = Release|ARM
		{48CB6F77-C94E-498D-9ACD-3FA788211DDD}.Ad-Hoc|iPhone.ActiveCfg = Release|x86
		{48CB6F77-C94E-498D-9ACD-3FA788211DDD}.Ad-Hoc|iPhone.Build.0 = Release|x86
		{48CB6F77-C94E-498D-9ACD-3FA788211DDD}.Ad-Hoc|iPhone.Deploy.0 = Release|x86
		{48CB6F77-C94E-498D-9ACD-3FA788211DDD}.Ad-Hoc|iPhoneSimulator.ActiveCfg = Release|x86
		{48CB6F77-C94E-498D-9ACD-3FA788211DDD}.Ad-Hoc|iPhoneSimulator.Build.0 = Release|x86
		{48CB6F77-C94E-498D-9ACD-3FA788211DDD}.Ad-Hoc|iPhoneSimulator.Deploy.0 = Release|x86
		{48CB6F77-C94E-498D-9ACD-3FA788211DDD}.Ad-Hoc|x64.ActiveCfg = Release|x64
		{48CB6F77-C94E-498D-9ACD-3FA788211DDD}.Ad-Hoc|x64.Build.0 = Release|x64
		{48CB6F77-C94E-498D-9ACD-3FA788211DDD}.Ad-Hoc|x64.Deploy.0 = Release|x64
		{48CB6F77-C94E-498D-9ACD-3FA788211DDD}.Ad-Hoc|x86.ActiveCfg = Release|x86
		{48CB6F77-C94E-498D-9ACD-3FA788211DDD}.Ad-Hoc|x86.Build.0 = Release|x86
		{48CB6F77-C94E-498D-9ACD-3FA788211DDD}.Ad-Hoc|x86.Deploy.0 = Release|x86
		{48CB6F77-C94E-498D-9ACD-3FA788211DDD}.AppStore|Any CPU.ActiveCfg = Release|x86
		{48CB6F77-C94E-498D-9ACD-3FA788211DDD}.AppStore|Any CPU.Build.0 = Release|x86
		{48CB6F77-C94E-498D-9ACD-3FA788211DDD}.AppStore|Any CPU.Deploy.0 = Release|x86
		{48CB6F77-C94E-498D-9ACD-3FA788211DDD}.AppStore|ARM.ActiveCfg = Release|ARM
		{48CB6F77-C94E-498D-9ACD-3FA788211DDD}.AppStore|ARM.Build.0 = Release|ARM
		{48CB6F77-C94E-498D-9ACD-3FA788211DDD}.AppStore|ARM.Deploy.0 = Release|ARM
		{48CB6F77-C94E-498D-9ACD-3FA788211DDD}.AppStore|iPhone.ActiveCfg = Release|x86
		{48CB6F77-C94E-498D-9ACD-3FA788211DDD}.AppStore|iPhone.Build.0 = Release|x86
		{48CB6F77-C94E-498D-9ACD-3FA788211DDD}.AppStore|iPhone.Deploy.0 = Release|x86
		{48CB6F77-C94E-498D-9ACD-3FA788211DDD}.AppStore|iPhoneSimulator.ActiveCfg = Release|x86
		{48CB6F77-C94E-498D-9ACD-3FA788211DDD}.AppStore|iPhoneSimulator.Build.0 = Release|x86
		{48CB6F77-C94E-498D-9ACD-3FA788211DDD}.AppStore|iPhoneSimulator.Deploy.0 = Release|x86
		{48CB6F77-C94E-498D-9ACD-3FA788211DDD}.AppStore|x64.ActiveCfg = Release|x64
		{48CB6F77-C94E-498D-9ACD-3FA788211DDD}.AppStore|x64.Build.0 = Release|x64
		{48CB6F77-C94E-498D-9ACD-3FA788211DDD}.AppStore|x64.Deploy.0 = Release|x64
		{48CB6F77-C94E-498D-9ACD-3FA788211DDD}.AppStore|x86.ActiveCfg = Release|x86
		{48CB6F77-C94E-498D-9ACD-3FA788211DDD}.AppStore|x86.Build.0 = Release|x86
		{48CB6F77-C94E-498D-9ACD-3FA788211DDD}.AppStore|x86.Deploy.0 = Release|x86
		{48CB6F77-C94E-498D-9ACD-3FA788211DDD}.Debug|Any CPU.ActiveCfg = Debug|x86
		{48CB6F77-C94E-498D-9ACD-3FA788211DDD}.Debug|ARM.ActiveCfg = Debug|ARM
		{48CB6F77-C94E-498D-9ACD-3FA788211DDD}.Debug|ARM.Build.0 = Debug|ARM
		{48CB6F77-C94E-498D-9ACD-3FA788211DDD}.Debug|ARM.Deploy.0 = Debug|ARM
		{48CB6F77-C94E-498D-9ACD-3FA788211DDD}.Debug|iPhone.ActiveCfg = Debug|x86
		{48CB6F77-C94E-498D-9ACD-3FA788211DDD}.Debug|iPhoneSimulator.ActiveCfg = Debug|x86
		{48CB6F77-C94E-498D-9ACD-3FA788211DDD}.Debug|x64.ActiveCfg = Debug|x64
		{48CB6F77-C94E-498D-9ACD-3FA788211DDD}.Debug|x64.Build.0 = Debug|x64
		{48CB6F77-C94E-498D-9ACD-3FA788211DDD}.Debug|x64.Deploy.0 = Debug|x64
		{48CB6F77-C94E-498D-9ACD-3FA788211DDD}.Debug|x86.ActiveCfg = Debug|x86
		{48CB6F77-C94E-498D-9ACD-3FA788211DDD}.Debug|x86.Build.0 = Debug|x86
		{48CB6F77-C94E-498D-9ACD-3FA788211DDD}.Debug|x86.Deploy.0 = Debug|x86
		{48CB6F77-C94E-498D-9ACD-3FA788211DDD}.Release|Any CPU.ActiveCfg = Release|x86
		{48CB6F77-C94E-498D-9ACD-3FA788211DDD}.Release|ARM.ActiveCfg = Release|ARM
		{48CB6F77-C94E-498D-9ACD-3FA788211DDD}.Release|ARM.Build.0 = Release|ARM
		{48CB6F77-C94E-498D-9ACD-3FA788211DDD}.Release|ARM.Deploy.0 = Release|ARM
		{48CB6F77-C94E-498D-9ACD-3FA788211DDD}.Release|iPhone.ActiveCfg = Release|x86
		{48CB6F77-C94E-498D-9ACD-3FA788211DDD}.Release|iPhoneSimulator.ActiveCfg = Release|x86
		{48CB6F77-C94E-498D-9ACD-3FA788211DDD}.Release|x64.ActiveCfg = Release|x64
		{48CB6F77-C94E-498D-9ACD-3FA788211DDD}.Release|x64.Build.0 = Release|x64
		{48CB6F77-C94E-498D-9ACD-3FA788211DDD}.Release|x64.Deploy.0 = Release|x64
		{48CB6F77-C94E-498D-9ACD-3FA788211DDD}.Release|x86.ActiveCfg = Release|x86
		{48CB6F77-C94E-498D-9ACD-3FA788211DDD}.Release|x86.Build.0 = Release|x86
		{48CB6F77-C94E-498D-9ACD-3FA788211DDD}.Release|x86.Deploy.0 = Release|x86
	EndGlobalSection
	GlobalSection(SolutionProperties) = preSolution
		HideSolutionNode = FALSE
	EndGlobalSection
EndGlobal
